
Microsoft Visual Studio Solution File, Format Version 12.00
# Visual Studio Version 17
VisualStudioVersion = 17.5.33627.172
MinimumVisualStudioVersion = 10.0.40219.1
Project("{FAE04EC0-301F-11D3-BF4B-00C04F79EFBC}") = "AkademiPlusSignalAr", "AkademiPlusSignalAr\AkademiPlusSignalAr.csproj", "{CA50EDDB-934F-484E-B212-09E4174C1114}"
EndProject
Project("{FAE04EC0-301F-11D3-BF4B-00C04F79EFBC}") = "AkademiPlusClient", "AkademiPlusClient\AkademiPlusClient.csproj", "{C825BCBA-6C8D-48F0-B4CF-426304DDD73D}"
EndProject
Global
	GlobalSection(SolutionConfigurationPlatforms) = preSolution
		Debug|Any CPU = Debug|Any CPU
		Release|Any CPU = Release|Any CPU
	EndGlobalSection
	GlobalSection(ProjectConfigurationPlatforms) = postSolution
		{CA50EDDB-934F-484E-B212-09E4174C1114}.Debug|Any CPU.ActiveCfg = Debug|Any CPU
		{CA50EDDB-934F-484E-B212-09E4174C1114}.Debug|Any CPU.Build.0 = Debug|Any CPU
		{CA50EDDB-934F-484E-B212-09E4174C1114}.Release|Any CPU.ActiveCfg = Release|Any CPU
		{CA50EDDB-934F-484E-B212-09E4174C1114}.Release|Any CPU.Build.0 = Release|Any CPU
		{C825BCBA-6C8D-48F0-B4CF-426304DDD73D}.Debug|Any CPU.ActiveCfg = Debug|Any CPU
		{C825BCBA-6C8D-48F0-B4CF-426304DDD73D}.Debug|Any CPU.Build.0 = Debug|Any CPU
		{C825BCBA-6C8D-48F0-B4CF-426304DDD73D}.Release|Any CPU.ActiveCfg = Release|Any CPU
		{C825BCBA-6C8D-48F0-B4CF-426304DDD73D}.Release|Any CPU.Build.0 = Release|Any CPU
	EndGlobalSection
	GlobalSection(SolutionProperties) = preSolution
		HideSolutionNode = FALSE
	EndGlobalSection
	GlobalSection(ExtensibilityGlobals) = postSolution
		SolutionGuid = {55FF8DC4-1142-4EB6-A71E-9FC0FDD43B3F}
	EndGlobalSection
EndGlobal
